# THIS IS AN AUTOGENERATED FILE. DO NOT EDIT THIS FILE DIRECTLY.
# yarn lockfile v1


csstype@^2.6.3:
  version "2.6.3"
  resolved "https://registry.yarnpkg.com/csstype/-/csstype-2.6.3.tgz#b701e5968245bf9b08d54ac83d00b624e622a9fa"
  integrity sha512-rINUZXOkcBmoHWEyu7JdHu5JMzkGRoMX4ov9830WNgxf5UYxcBUO0QTKAqeJ5EZfSdlrcJYkC8WwfVW7JYi4yg==

tslib@^1.9.3:
  version "1.9.3"
  resolved "https://registry.yarnpkg.com/tslib/-/tslib-1.9.3.tgz#d7e4dd79245d85428c4d7e4822a79917954ca286"
  integrity sha512-4krF8scpejhaOgqzBEcGM7yDIEfi0/8+8zDRZhNZZ2kjmHJ4hv3zCbQWxoJGz1iw5U0Jl0nma13xzHXcncMavQ==

typescript@^3.4.1:
  version "3.4.2"
  resolved "https://registry.yarnpkg.com/typescript/-/typescript-3.4.2.tgz#9ed4e6475d906f589200193be056f5913caed481"
  integrity sha512-Og2Vn6Mk7JAuWA1hQdDQN/Ekm/SchX80VzLhjKN9ETYrIepBFAd8PkOdOTK2nKt0FCkmMZKBJvQ1dV1gIxPu/A==

vuetify@^1.5.9:
  version "1.5.9"
  resolved "https://registry.yarnpkg.com/vuetify/-/vuetify-1.5.9.tgz#58db8af20cc2a4d226125e430ca5217d8056555b"
  integrity sha512-Jg8Ocuk6QDiins7lV3uFB6TaEm3ePspcKIyA/XcxR5/Uwd48f4n1uUOlW9H/XBgbvy+4yHW/KWJWG9oI0ZrmzA==
